
Microsoft Visual Studio Solution File, Format Version 12.00
# Visual Studio 15
VisualStudioVersion = 15.0.27130.2036
MinimumVisualStudioVersion = 10.0.40219.1
Project("{FAE04EC0-301F-11D3-BF4B-00C04F79EFBC}") = "CapaPresentacion", "CapaPresentacion\CapaPresentacion.csproj", "{3328194E-6094-4DD5-B81A-1C4F60F580C8}"
EndProject
Project("{FAE04EC0-301F-11D3-BF4B-00C04F79EFBC}") = "CapaAccesoDatos", "CapaAccesoDatos\CapaAccesoDatos.csproj", "{8046E2C1-7ABC-45E3-ACA7-9B82D7BD8822}"
EndProject
Project("{FAE04EC0-301F-11D3-BF4B-00C04F79EFBC}") = "CapaLogica", "CapaLogica\CapaLogica.csproj", "{05B056A2-6F90-4069-B339-DBDED1EFAC3D}"
EndProject
Project("{FAE04EC0-301F-11D3-BF4B-00C04F79EFBC}") = "TestApp", "TestApp\TestApp.csproj", "{177CD4B6-17EF-4998-A964-4E3324CE1062}"
EndProject
Project("{FAE04EC0-301F-11D3-BF4B-00C04F79EFBC}") = "MaterialSkin", "MaterialSkin\MaterialSkin.csproj", "{8EB7611B-68CD-4B8B-987A-11717E2B250C}"
EndProject
Global
	GlobalSection(SolutionConfigurationPlatforms) = preSolution
		Debug|Any CPU = Debug|Any CPU
		Release|Any CPU = Release|Any CPU
	EndGlobalSection
	GlobalSection(ProjectConfigurationPlatforms) = postSolution
		{3328194E-6094-4DD5-B81A-1C4F60F580C8}.Debug|Any CPU.ActiveCfg = Debug|Any CPU
		{3328194E-6094-4DD5-B81A-1C4F60F580C8}.Debug|Any CPU.Build.0 = Debug|Any CPU
		{3328194E-6094-4DD5-B81A-1C4F60F580C8}.Release|Any CPU.ActiveCfg = Release|Any CPU
		{3328194E-6094-4DD5-B81A-1C4F60F580C8}.Release|Any CPU.Build.0 = Release|Any CPU
		{8046E2C1-7ABC-45E3-ACA7-9B82D7BD8822}.Debug|Any CPU.ActiveCfg = Debug|Any CPU
		{8046E2C1-7ABC-45E3-ACA7-9B82D7BD8822}.Debug|Any CPU.Build.0 = Debug|Any CPU
		{8046E2C1-7ABC-45E3-ACA7-9B82D7BD8822}.Release|Any CPU.ActiveCfg = Release|Any CPU
		{8046E2C1-7ABC-45E3-ACA7-9B82D7BD8822}.Release|Any CPU.Build.0 = Release|Any CPU
		{05B056A2-6F90-4069-B339-DBDED1EFAC3D}.Debug|Any CPU.ActiveCfg = Debug|Any CPU
		{05B056A2-6F90-4069-B339-DBDED1EFAC3D}.Debug|Any CPU.Build.0 = Debug|Any CPU
		{05B056A2-6F90-4069-B339-DBDED1EFAC3D}.Release|Any CPU.ActiveCfg = Release|Any CPU
		{05B056A2-6F90-4069-B339-DBDED1EFAC3D}.Release|Any CPU.Build.0 = Release|Any CPU
		{177CD4B6-17EF-4998-A964-4E3324CE1062}.Debug|Any CPU.ActiveCfg = Debug|Any CPU
		{177CD4B6-17EF-4998-A964-4E3324CE1062}.Debug|Any CPU.Build.0 = Debug|Any CPU
		{177CD4B6-17EF-4998-A964-4E3324CE1062}.Release|Any CPU.ActiveCfg = Release|Any CPU
		{177CD4B6-17EF-4998-A964-4E3324CE1062}.Release|Any CPU.Build.0 = Release|Any CPU
		{8EB7611B-68CD-4B8B-987A-11717E2B250C}.Debug|Any CPU.ActiveCfg = Debug|Any CPU
		{8EB7611B-68CD-4B8B-987A-11717E2B250C}.Debug|Any CPU.Build.0 = Debug|Any CPU
		{8EB7611B-68CD-4B8B-987A-11717E2B250C}.Release|Any CPU.ActiveCfg = Release|Any CPU
		{8EB7611B-68CD-4B8B-987A-11717E2B250C}.Release|Any CPU.Build.0 = Release|Any CPU
	EndGlobalSection
	GlobalSection(SolutionProperties) = preSolution
		HideSolutionNode = FALSE
	EndGlobalSection
	GlobalSection(ExtensibilityGlobals) = postSolution
		SolutionGuid = {738E8CCD-8DAB-4D28-B05D-F85050DD023B}
	EndGlobalSection
EndGlobal
